
Microsoft Visual Studio Solution File, Format Version 12.00
# Visual Studio Version 17
VisualStudioVersion = 17.4.33110.190
MinimumVisualStudioVersion = 10.0.40219.1
Project("{FAE04EC0-301F-11D3-BF4B-00C04F79EFBC}") = "ecsite", "ecsite\ecsite.csproj", "{F5608778-F8D5-4316-9B8A-DD68BB03DE26}"
EndProject
Global
	GlobalSection(SolutionConfigurationPlatforms) = preSolution
		Debug|Any CPU = Debug|Any CPU
		Release|Any CPU = Release|Any CPU
	EndGlobalSection
	GlobalSection(ProjectConfigurationPlatforms) = postSolution
		{F5608778-F8D5-4316-9B8A-DD68BB03DE26}.Debug|Any CPU.ActiveCfg = Debug|Any CPU
		{F5608778-F8D5-4316-9B8A-DD68BB03DE26}.Debug|Any CPU.Build.0 = Debug|Any CPU
		{F5608778-F8D5-4316-9B8A-DD68BB03DE26}.Release|Any CPU.ActiveCfg = Release|Any CPU
		{F5608778-F8D5-4316-9B8A-DD68BB03DE26}.Release|Any CPU.Build.0 = Release|Any CPU
	EndGlobalSection
	GlobalSection(SolutionProperties) = preSolution
		HideSolutionNode = FALSE
	EndGlobalSection
	GlobalSection(ExtensibilityGlobals) = postSolution
		SolutionGuid = {C67B9873-0788-43C5-897E-36C55C8EB39D}
	EndGlobalSection
EndGlobal
